
Microsoft Visual Studio Solution File, Format Version 12.00
# Visual Studio Version 17
VisualStudioVersion = 17.5.33414.496
MinimumVisualStudioVersion = 10.0.40219.1
Project("{9A19103F-16F7-4668-BE54-9A1E7A4F7556}") = "LyonStore.Server", "Server\LyonStore.Server.csproj", "{60AEA306-589E-4F88-9479-4BE8E4D61D09}"
EndProject
Project("{9A19103F-16F7-4668-BE54-9A1E7A4F7556}") = "LyonStore.Client", "Client\LyonStore.Client.csproj", "{BD50B1A3-C340-4636-AEC8-661602A14C39}"
EndProject
Project("{9A19103F-16F7-4668-BE54-9A1E7A4F7556}") = "LyonStore.Shared", "Shared\LyonStore.Shared.csproj", "{B7B9A128-9C33-4550-87C4-81F76AF120FD}"
EndProject
Global
	GlobalSection(SolutionConfigurationPlatforms) = preSolution
		Debug|Any CPU = Debug|Any CPU
		Release|Any CPU = Release|Any CPU
	EndGlobalSection
	GlobalSection(ProjectConfigurationPlatforms) = postSolution
		{60AEA306-589E-4F88-9479-4BE8E4D61D09}.Debug|Any CPU.ActiveCfg = Debug|Any CPU
		{60AEA306-589E-4F88-9479-4BE8E4D61D09}.Debug|Any CPU.Build.0 = Debug|Any CPU
		{60AEA306-589E-4F88-9479-4BE8E4D61D09}.Release|Any CPU.ActiveCfg = Release|Any CPU
		{60AEA306-589E-4F88-9479-4BE8E4D61D09}.Release|Any CPU.Build.0 = Release|Any CPU
		{BD50B1A3-C340-4636-AEC8-661602A14C39}.Debug|Any CPU.ActiveCfg = Debug|Any CPU
		{BD50B1A3-C340-4636-AEC8-661602A14C39}.Debug|Any CPU.Build.0 = Debug|Any CPU
		{BD50B1A3-C340-4636-AEC8-661602A14C39}.Release|Any CPU.ActiveCfg = Release|Any CPU
		{BD50B1A3-C340-4636-AEC8-661602A14C39}.Release|Any CPU.Build.0 = Release|Any CPU
		{B7B9A128-9C33-4550-87C4-81F76AF120FD}.Debug|Any CPU.ActiveCfg = Debug|Any CPU
		{B7B9A128-9C33-4550-87C4-81F76AF120FD}.Debug|Any CPU.Build.0 = Debug|Any CPU
		{B7B9A128-9C33-4550-87C4-81F76AF120FD}.Release|Any CPU.ActiveCfg = Release|Any CPU
		{B7B9A128-9C33-4550-87C4-81F76AF120FD}.Release|Any CPU.Build.0 = Release|Any CPU
	EndGlobalSection
	GlobalSection(SolutionProperties) = preSolution
		HideSolutionNode = FALSE
	EndGlobalSection
	GlobalSection(ExtensibilityGlobals) = postSolution
		SolutionGuid = {DC2451D9-09C3-49DE-A3E7-E8965F7765E4}
	EndGlobalSection
EndGlobal
